// !$*UTF8*$!
{
	archiveVersion = 1;
	classes = {
	};
	objectVersion = 46;
	objects = {

/* Begin PBXBuildFile section */
		2B416A181E5D8865002FC09D /* RCTToastModule.m in Sources */ = {isa = PBXBuildFile; fileRef = 2B416A171E5D8865002FC09D /* RCTToastModule.m */; };
		2B416A191E5D8865002FC09D /* RCTToastModule.h in CopyFiles */ = {isa = PBXBuildFile; fileRef = 2B416A161E5D8865002FC09D /* RCTToastModule.h */; };
		2B416A211E5D8976002FC09D /* MBProgressHUD.m in Sources */ = {isa = PBXBuildFile; fileRef = 2B416A201E5D8976002FC09D /* MBProgressHUD.m */; };
/* End PBXBuildFile section */

/* Begin PBXCopyFilesBuildPhase section */
		2B416A111E5D8865002FC09D /* CopyFiles */ = {
			isa = PBXCopyFilesBuildPhase;
			buildActionMask = 2147483647;
			dstPath = "include/$(PRODUCT_NAME)";
			dstSubfolderSpec = 16;
			files = (
				2B416A191E5D8865002FC09D /* RCTToastModule.h in CopyFiles */,
			);
			runOnlyForDeploymentPostprocessing = 0;
		};
/* End PBXCopyFilesBuildPhase section */

/* Begin PBXFileReference section */
		2B416A131E5D8865002FC09D /* libRCTToastModule.a */ = {isa = PBXFileReference; explicitFileType = archive.ar; includeInIndex = 0; path = libRCTToastModule.a; sourceTree = BUILT_PRODUCTS_DIR; };
		2B416A161E5D8865002FC09D /* RCTToastModule.h */ = {isa = PBXFileReference; lastKnownFileType = sourcecode.c.h; path = RCTToastModule.h; sourceTree = "<group>"; };
		2B416A171E5D8865002FC09D /* RCTToastModule.m */ = {isa = PBXFileReference; lastKnownFileType = sourcecode.c.objc; path = RCTToastModule.m; sourceTree = "<group>"; };
		2B416A1F1E5D8976002FC09D /* MBProgressHUD.h */ = {isa = PBXFileReference; fileEncoding = 4; lastKnownFileType = sourcecode.c.h; path = MBProgressHUD.h; sourceTree = "<group>"; };
		2B416A201E5D8976002FC09D /* MBProgressHUD.m */ = {isa = PBXFileReference; fileEncoding = 4; lastKnownFileType = sourcecode.c.objc; path = MBProgressHUD.m; sourceTree = "<group>"; };
/* End PBXFileReference section */

/* Begin PBXFrameworksBuildPhase section */
		2B416A101E5D8865002FC09D /* Frameworks */ = {
			isa = PBXFrameworksBuildPhase;
			buildActionMask = 2147483647;
			files = (
			);
			runOnlyForDeploymentPostprocessing = 0;
		};
/* End PBXFrameworksBuildPhase section */

/* Begin PBXGroup section */
		2B416A0A1E5D8865002FC09D = {
			isa = PBXGroup;
			children = (
				2B416A151E5D8865002FC09D /* RCTToastModule */,
				2B416A141E5D8865002FC09D /* Products */,
			);
			sourceTree = "<group>";
		};
		2B416A141E5D8865002FC09D /* Products */ = {
			isa = PBXGroup;
			children = (
				2B416A131E5D8865002FC09D /* libRCTToastModule.a */,
			);
			name = Products;
			sourceTree = "<group>";
		};
		2B416A151E5D8865002FC09D /* RCTToastModule */ = {
			isa = PBXGroup;
			children = (
				2B416A1F1E5D8976002FC09D /* MBProgressHUD.h */,
				2B416A201E5D8976002FC09D /* MBProgressHUD.m */,
				2B416A161E5D8865002FC09D /* RCTToastModule.h */,
				2B416A171E5D8865002FC09D /* RCTToastModule.m */,
			);
			path = RCTToastModule;
			sourceTree = "<group>";
		};
/* End PBXGroup section */

/* Begin PBXNativeTarget section */
		2B416A121E5D8865002FC09D /* RCTToastModule */ = {
			isa = PBXNativeTarget;
			buildConfigurationList = 2B416A1C1E5D8865002FC09D /* Build configuration list for PBXNativeTarget "RCTToastModule" */;
			buildPhases = (
				2B416A0F1E5D8865002FC09D /* Sources */,
				2B416A101E5D8865002FC09D /* Frameworks */,
				2B416A111E5D8865002FC09D /* CopyFiles */,
			);
			buildRules = (
			);
			dependencies = (
			);
			name = RCTToastModule;
			productName = RCTToastModule;
			productReference = 2B416A131E5D8865002FC09D /* libRCTToastModule.a */;
			productType = "com.apple.product-type.library.static";
		};
/* End PBXNativeTarget section */

/* Begin PBXProject section */
		2B416A0B1E5D8865002FC09D /* Project object */ = {
			isa = PBXProject;
			attributes = {
				LastUpgradeCheck = 0820;
				ORGANIZATIONNAME = ichong;
				TargetAttributes = {
					2B416A121E5D8865002FC09D = {
						CreatedOnToolsVersion = 8.2.1;
						DevelopmentTeam = 33KGZ49A6U;
						ProvisioningStyle = Automatic;
					};
				};
			};
			buildConfigurationList = 2B416A0E1E5D8865002FC09D /* Build configuration list for PBXProject "RCTToastModule" */;
			compatibilityVersion = "Xcode 3.2";
			developmentRegion = English;
			hasScannedForEncodings = 0;
			knownRegions = (
				en,
			);
			mainGroup = 2B416A0A1E5D8865002FC09D;
			productRefGroup = 2B416A141E5D8865002FC09D /* Products */;
			projectDirPath = "";
			projectRoot = "";
			targets = (
				2B416A121E5D8865002FC09D /* RCTToastModule */,
			);
		};
/* End PBXProject section */

/* Begin PBXSourcesBuildPhase section */
		2B416A0F1E5D8865002FC09D /* Sources */ = {
			isa = PBXSourcesBuildPhase;
			buildActionMask = 2147483647;
			files = (
				2B416A181E5D8865002FC09D /* RCTToastModule.m in Sources */,
				2B416A211E5D8976002FC09D /* MBProgressHUD.m in Sources */,
			);
			runOnlyForDeploymentPostprocessing = 0;
		};
/* End PBXSourcesBuildPhase section */

/* Begin XCBuildConfiguration section */
		2B416A1A1E5D8865002FC09D /* Debug */ = {
			isa = XCBuildConfiguration;
			buildSettings = {
				ALWAYS_SEARCH_USER_PATHS = NO;
				CLANG_ANALYZER_NONNULL = YES;
				CLANG_CXX_LANGUAGE_STANDARD = "gnu++0x";
				CLANG_CXX_LIBRARY = "libc++";
				CLANG_ENABLE_MODULES = YES;
				CLANG_ENABLE_OBJC_ARC = YES;
				CLANG_WARN_BOOL_CONVERSION = YES;
				CLANG_WARN_CONSTANT_CONVERSION = YES;
				CLANG_WARN_DIRECT_OBJC_ISA_USAGE = YES_ERROR;
				CLANG_WARN_DOCUMENTATION_COMMENTS = YES;
				CLANG_WARN_EMPTY_BODY = YES;
				CLANG_WARN_ENUM_CONVERSION = YES;
				CLANG_WARN_INFINITE_RECURSION = YES;
				CLANG_WARN_INT_CONVERSION = YES;
				CLANG_WARN_OBJC_ROOT_CLASS = YES_ERROR;
				CLANG_WARN_SUSPICIOUS_MOVE = YES;
				CLANG_WARN_UNREACHABLE_CODE = YES;
				CLANG_WARN__DUPLICATE_METHOD_MATCH = YES;
				"CODE_SIGN_IDENTITY[sdk=iphoneos*]" = "iPhone Developer";
				COPY_PHASE_STRIP = NO;
				DEBUG_INFORMATION_FORMAT = dwarf;
				ENABLE_STRICT_OBJC_MSGSEND = YES;
				ENABLE_TESTABILITY = YES;
				GCC_C_LANGUAGE_STANDARD = gnu99;
				GCC_DYNAMIC_NO_PIC = NO;
				GCC_NO_COMMON_BLOCKS = YES;
				GCC_OPTIMIZATION_LEVEL = 0;
				GCC_PREPROCESSOR_DEFINITIONS = (
					"DEBUG=1",
					"$(inherited)",
				);
				GCC_WARN_64_TO_32_BIT_CONVERSION = YES;
				GCC_WARN_ABOUT_RETURN_TYPE = YES_ERROR;
				GCC_WARN_UNDECLARED_SELECTOR = YES;
				GCC_WARN_UNINITIALIZED_AUTOS = YES_AGGRESSIVE;
				GCC_WARN_UNUSED_FUNCTION = YES;
				GCC_WARN_UNUSED_VARIABLE = YES;
				IPHONEOS_DEPLOYMENT_TARGET = 8.0;
				MTL_ENABLE_DEBUG_INFO = YES;
				ONLY_ACTIVE_ARCH = YES;
				SDKROOT = iphoneos;
			};
			name = Debug;
		};
		2B416A1B1E5D8865002FC09D /* Release */ = {
			isa = XCBuildConfiguration;
			buildSettings = {
				ALWAYS_SEARCH_USER_PATHS = NO;
				CLANG_ANALYZER_NONNULL = YES;
				CLANG_CXX_LANGUAGE_STANDARD = "gnu++0x";
				CLANG_CXX_LIBRARY = "libc++";
				CLANG_ENABLE_MODULES = YES;
				CLANG_ENABLE_OBJC_ARC = YES;
				CLANG_WARN_BOOL_CONVERSION = YES;
				CLANG_WARN_CONSTANT_CONVERSION = YES;
				CLANG_WARN_DIRECT_OBJC_ISA_USAGE = YES_ERROR;
				CLANG_WARN_DOCUMENTATION_COMMENTS = YES;
				CLANG_WARN_EMPTY_BODY = YES;
				CLANG_WARN_ENUM_CONVERSION = YES;
				CLANG_WARN_INFINITE_RECURSION = YES;
				CLANG_WARN_INT_CONVERSION = YES;
				CLANG_WARN_OBJC_ROOT_CLASS = YES_ERROR;
				CLANG_WARN_SUSPICIOUS_MOVE = YES;
				CLANG_WARN_UNREACHABLE_CODE = YES;
				CLANG_WARN__DUPLICATE_METHOD_MATCH = YES;
				"CODE_SIGN_IDENTITY[sdk=iphoneos*]" = "iPhone Developer";
				COPY_PHASE_STRIP = NO;
				DEBUG_INFORMATION_FORMAT = "dwarf-with-dsym";
				ENABLE_NS_ASSERTIONS = NO;
				ENABLE_STRICT_OBJC_MSGSEND = YES;
				GCC_C_LANGUAGE_STANDARD = gnu99;
				GCC_NO_COMMON_BLOCKS = YES;
				GCC_WARN_64_TO_32_BIT_CONVERSION = YES;
				GCC_WARN_ABOUT_RETURN_TYPE = YES_ERROR;
				GCC_WARN_UNDECLARED_SELECTOR = YES;
				GCC_WARN_UNINITIALIZED_AUTOS = YES_AGGRESSIVE;
				GCC_WARN_UNUSED_FUNCTION = YES;
				GCC_WARN_UNUSED_VARIABLE = YES;
				IPHONEOS_DEPLOYMENT_TARGET = 8.0;
				MTL_ENABLE_DEBUG_INFO = NO;
				SDKROOT = iphoneos;
				VALIDATE_PRODUCT = YES;
			};
			name = Release;
		};
		2B416A1D1E5D8865002FC09D /* Debug */ = {
			isa = XCBuildConfiguration;
			buildSettings = {
				DEVELOPMENT_TEAM = 33KGZ49A6U;
				HEADER_SEARCH_PATHS = "$(SRCROOT)/../../../react-native/React";
				OTHER_LDFLAGS = "-ObjC";
				PRODUCT_NAME = "$(TARGET_NAME)";
				SKIP_INSTALL = YES;
			};
			name = Debug;
		};
		2B416A1E1E5D8865002FC09D /* Release */ = {
			isa = XCBuildConfiguration;
			buildSettings = {
				DEVELOPMENT_TEAM = 33KGZ49A6U;
				HEADER_SEARCH_PATHS = "$(SRCROOT)/../../../react-native/React";
				OTHER_LDFLAGS = "-ObjC";
				PRODUCT_NAME = "$(TARGET_NAME)";
				SKIP_INSTALL = YES;
			};
			name = Release;
		};
/* End XCBuildConfiguration section */

/* Begin XCConfigurationList section */
		2B416A0E1E5D8865002FC09D /* Build configuration list for PBXProject "RCTToastModule" */ = {
			isa = XCConfigurationList;
			buildConfigurations = (
				2B416A1A1E5D8865002FC09D /* Debug */,
				2B416A1B1E5D8865002FC09D /* Release */,
			);
			defaultConfigurationIsVisible = 0;
			defaultConfigurationName = Release;
		};
		2B416A1C1E5D8865002FC09D /* Build configuration list for PBXNativeTarget "RCTToastModule" */ = {
			isa = XCConfigurationList;
			buildConfigurations = (
				2B416A1D1E5D8865002FC09D /* Debug */,
				2B416A1E1E5D8865002FC09D /* Release */,
			);
			defaultConfigurationIsVisible = 0;
		};
/* End XCConfigurationList section */
	};
	rootObject = 2B416A0B1E5D8865002FC09D /* Project object */;
}
